schema: '2.0'
stages:
  download_data:
    cmd: python download_data.py
    deps:
    - path: download_data.py
      hash: md5
      md5: 2cb9278c663f1fbdee557c8ec3dbd7a0
      size: 718
    outs:
    - path: data/imdb_test.csv
      hash: md5
      md5: 22cda511a77126d789fffec3dba8fd1e
      size: 6708803
    - path: data/imdb_train.csv
      hash: md5
      md5: c180efbd92c090b72e733e38189888bf
      size: 26638377
  train_model:
    cmd: python train_model.py
    deps:
    - path: data/imdb_train.csv
      hash: md5
      md5: c180efbd92c090b72e733e38189888bf
      size: 26638377
    - path: train_model.py
      hash: md5
      md5: eb5a3c21cfc04a015ae45ae0cba6ec3b
      size: 867
    outs:
    - path: models/sentiment_model.pkl
      hash: md5
      md5: 66e7870f449b9f949ac70e5e6728e7ca
      size: 2565777
