schema: '2.0'
stages:
  download_data:
    cmd: python download_data.py
    deps:
    - path: download_data.py
      hash: md5
      md5: 6a0025130459b35652fbd896c2b00875
      size: 719
    outs:
    - path: data/imdb_test.csv
      hash: md5
      md5: fdf92c06c0399137884dbefd6cce9bed
      size: 5027865
    - path: data/imdb_train.csv
      hash: md5
      md5: bfc84d5e43886ced0ff3f5a030336885
      size: 28319315
  train_model:
    cmd: python train_model.py
    deps:
    - path: data/imdb_train.csv
      hash: md5
      md5: bfc84d5e43886ced0ff3f5a030336885
      size: 28319315
    - path: train_model.py
      hash: md5
      md5: eb5a3c21cfc04a015ae45ae0cba6ec3b
      size: 867
    outs:
    - path: models/sentiment_model.pkl
      hash: md5
      md5: eac389ae69383cfd60b215d4f1bf4696
      size: 2635441
