schema: '2.0'
stages:
  download_data:
    cmd: python download_data.py
    deps:
    - path: download_data.py
      hash: md5
      md5: 8ccd86e8286a10a5e24b8fb42b4955ed
      size: 718
    outs:
    - path: data/imdb_test.csv
      hash: md5
      md5: 3d876131283f75de4c45f8130c3d77af
      size: 10002199
    - path: data/imdb_train.csv
      hash: md5
      md5: 0c59c478fb3953571d0e832a99af7da7
      size: 23344981
  train_model:
    cmd: python train_model.py
    deps:
    - path: data/imdb_train.csv
      hash: md5
      md5: 0c59c478fb3953571d0e832a99af7da7
      size: 23344981
    - path: train_model.py
      hash: md5
      md5: eb5a3c21cfc04a015ae45ae0cba6ec3b
      size: 867
    outs:
    - path: models/sentiment_model.pkl
      hash: md5
      md5: 665fb7154c051567b6631bcb0ceb8986
      size: 2434609
